
Microsoft Visual Studio Solution File, Format Version 12.00
# Visual Studio 15
VisualStudioVersion = 15.0.28307.421
MinimumVisualStudioVersion = 10.0.40219.1
Project("{FAE04EC0-301F-11D3-BF4B-00C04F79EFBC}") = "PresentationLayer", "PresentationLayer\PresentationLayer.csproj", "{08976D0E-744D-41C3-97FA-A8010273C312}"
EndProject
Project("{FAE04EC0-301F-11D3-BF4B-00C04F79EFBC}") = "BusinessLayer", "BusinessLayer\BusinessLayer.csproj", "{A03E1C1F-AF3F-49DB-A8FD-E485CD0BA5F1}"
EndProject
Project("{FAE04EC0-301F-11D3-BF4B-00C04F79EFBC}") = "DataAccessLayer", "DataAccessLayer\DataAccessLayer.csproj", "{D510FFA1-1910-468C-AFE3-F7F70E229999}"
EndProject
Global
	GlobalSection(SolutionConfigurationPlatforms) = preSolution
		Debug|Any CPU = Debug|Any CPU
		Release|Any CPU = Release|Any CPU
	EndGlobalSection
	GlobalSection(ProjectConfigurationPlatforms) = postSolution
		{08976D0E-744D-41C3-97FA-A8010273C312}.Debug|Any CPU.ActiveCfg = Debug|Any CPU
		{08976D0E-744D-41C3-97FA-A8010273C312}.Debug|Any CPU.Build.0 = Debug|Any CPU
		{08976D0E-744D-41C3-97FA-A8010273C312}.Release|Any CPU.ActiveCfg = Release|Any CPU
		{08976D0E-744D-41C3-97FA-A8010273C312}.Release|Any CPU.Build.0 = Release|Any CPU
		{A03E1C1F-AF3F-49DB-A8FD-E485CD0BA5F1}.Debug|Any CPU.ActiveCfg = Debug|Any CPU
		{A03E1C1F-AF3F-49DB-A8FD-E485CD0BA5F1}.Debug|Any CPU.Build.0 = Debug|Any CPU
		{A03E1C1F-AF3F-49DB-A8FD-E485CD0BA5F1}.Release|Any CPU.ActiveCfg = Release|Any CPU
		{A03E1C1F-AF3F-49DB-A8FD-E485CD0BA5F1}.Release|Any CPU.Build.0 = Release|Any CPU
		{D510FFA1-1910-468C-AFE3-F7F70E229999}.Debug|Any CPU.ActiveCfg = Debug|Any CPU
		{D510FFA1-1910-468C-AFE3-F7F70E229999}.Debug|Any CPU.Build.0 = Debug|Any CPU
		{D510FFA1-1910-468C-AFE3-F7F70E229999}.Release|Any CPU.ActiveCfg = Release|Any CPU
		{D510FFA1-1910-468C-AFE3-F7F70E229999}.Release|Any CPU.Build.0 = Release|Any CPU
	EndGlobalSection
	GlobalSection(SolutionProperties) = preSolution
		HideSolutionNode = FALSE
	EndGlobalSection
	GlobalSection(ExtensibilityGlobals) = postSolution
		SolutionGuid = {7D6421DF-AAC1-4FAD-8287-5E8CC96C3E2F}
	EndGlobalSection
EndGlobal
